
Microsoft Visual Studio Solution File, Format Version 12.00
# Visual Studio Version 17
VisualStudioVersion = 17.0.32014.148
MinimumVisualStudioVersion = 10.0.40219.1
Project("{FAE04EC0-301F-11D3-BF4B-00C04F79EFBC}") = "dotnet4.5", "dotnet4.5\dotnet4.5.csproj", "{C9EFF163-A69F-4F26-A3F1-FFECF818DA56}"
EndProject
Global
	GlobalSection(SolutionConfigurationPlatforms) = preSolution
		Debug|Any CPU = Debug|Any CPU
		Release|Any CPU = Release|Any CPU
	EndGlobalSection
	GlobalSection(ProjectConfigurationPlatforms) = postSolution
		{C9EFF163-A69F-4F26-A3F1-FFECF818DA56}.Debug|Any CPU.ActiveCfg = Debug|Any CPU
		{C9EFF163-A69F-4F26-A3F1-FFECF818DA56}.Debug|Any CPU.Build.0 = Debug|Any CPU
		{C9EFF163-A69F-4F26-A3F1-FFECF818DA56}.Release|Any CPU.ActiveCfg = Release|Any CPU
		{C9EFF163-A69F-4F26-A3F1-FFECF818DA56}.Release|Any CPU.Build.0 = Release|Any CPU
	EndGlobalSection
	GlobalSection(SolutionProperties) = preSolution
		HideSolutionNode = FALSE
	EndGlobalSection
	GlobalSection(ExtensibilityGlobals) = postSolution
		SolutionGuid = {35E04BC3-D7C8-497D-A16B-CDC03F4826A4}
	EndGlobalSection
EndGlobal
